
Microsoft Visual Studio Solution File, Format Version 12.00
# Visual Studio Version 17
VisualStudioVersion = 17.3.32825.248
MinimumVisualStudioVersion = 10.0.40219.1
Project("{FAE04EC0-301F-11D3-BF4B-00C04F79EFBC}") = "GeekShopping.ProductAPI", "GeekShopping.ProductAPI\GeekShopping.ProductAPI.csproj", "{76826D02-60A5-4CE6-8AC6-B3CAAAD050EF}"
EndProject
Global
	GlobalSection(SolutionConfigurationPlatforms) = preSolution
		Debug|Any CPU = Debug|Any CPU
		Release|Any CPU = Release|Any CPU
	EndGlobalSection
	GlobalSection(ProjectConfigurationPlatforms) = postSolution
		{76826D02-60A5-4CE6-8AC6-B3CAAAD050EF}.Debug|Any CPU.ActiveCfg = Debug|Any CPU
		{76826D02-60A5-4CE6-8AC6-B3CAAAD050EF}.Debug|Any CPU.Build.0 = Debug|Any CPU
		{76826D02-60A5-4CE6-8AC6-B3CAAAD050EF}.Release|Any CPU.ActiveCfg = Release|Any CPU
		{76826D02-60A5-4CE6-8AC6-B3CAAAD050EF}.Release|Any CPU.Build.0 = Release|Any CPU
	EndGlobalSection
	GlobalSection(SolutionProperties) = preSolution
		HideSolutionNode = FALSE
	EndGlobalSection
	GlobalSection(ExtensibilityGlobals) = postSolution
		SolutionGuid = {D6AD809D-B215-4620-9AD3-47BE228D4C58}
	EndGlobalSection
EndGlobal
